
Microsoft Visual Studio Solution File, Format Version 12.00
# Visual Studio Version 16
VisualStudioVersion = 16.0.30309.148
MinimumVisualStudioVersion = 10.0.40219.1
Project("{FAE04EC0-301F-11D3-BF4B-00C04F79EFBC}") = "RunPerfomancesWebApp", "RunPerfomancesWebApp\RunPerfomancesWebApp.csproj", "{283D8BB8-CBA5-4F66-8E0C-1B37C4A29DFD}"
EndProject
Global
	GlobalSection(SolutionConfigurationPlatforms) = preSolution
		Debug|Any CPU = Debug|Any CPU
		Release|Any CPU = Release|Any CPU
	EndGlobalSection
	GlobalSection(ProjectConfigurationPlatforms) = postSolution
		{283D8BB8-CBA5-4F66-8E0C-1B37C4A29DFD}.Debug|Any CPU.ActiveCfg = Debug|Any CPU
		{283D8BB8-CBA5-4F66-8E0C-1B37C4A29DFD}.Debug|Any CPU.Build.0 = Debug|Any CPU
		{283D8BB8-CBA5-4F66-8E0C-1B37C4A29DFD}.Release|Any CPU.ActiveCfg = Release|Any CPU
		{283D8BB8-CBA5-4F66-8E0C-1B37C4A29DFD}.Release|Any CPU.Build.0 = Release|Any CPU
	EndGlobalSection
	GlobalSection(SolutionProperties) = preSolution
		HideSolutionNode = FALSE
	EndGlobalSection
	GlobalSection(ExtensibilityGlobals) = postSolution
		SolutionGuid = {DF8E7D5B-938A-4A43-902C-BA296CABB3EF}
	EndGlobalSection
EndGlobal
